{
  "version": 4,
  "terraform_version": "1.9.4",
  "serial": 14,
  "lineage": "221a40d1-dd9b-fb5f-7d53-79dfa83507d1",
  "outputs": {
    "aws_ecr_repository": {
      "value": {
        "arn": "arn:aws:ecr:us-east-1:975050264165:repository/deockr_ecr",
        "encryption_configuration": [
          {
            "encryption_type": "AES256",
            "kms_key": ""
          }
        ],
        "force_delete": null,
        "id": "deockr_ecr",
        "image_scanning_configuration": [
          {
            "scan_on_push": true
          }
        ],
        "image_tag_mutability": "MUTABLE",
        "name": "deockr_ecr",
        "registry_id": "975050264165",
        "repository_url": "975050264165.dkr.ecr.us-east-1.amazonaws.com/deockr_ecr",
        "tags": null,
        "tags_all": {},
        "timeouts": null
      },
      "type": [
        "object",
        {
          "arn": "string",
          "encryption_configuration": [
            "list",
            [
              "object",
              {
                "encryption_type": "string",
                "kms_key": "string"
              }
            ]
          ],
          "force_delete": "bool",
          "id": "string",
          "image_scanning_configuration": [
            "list",
            [
              "object",
              {
                "scan_on_push": "bool"
              }
            ]
          ],
          "image_tag_mutability": "string",
          "name": "string",
          "registry_id": "string",
          "repository_url": "string",
          "tags": [
            "map",
            "string"
          ],
          "tags_all": [
            "map",
            "string"
          ],
          "timeouts": [
            "object",
            {
              "delete": "string"
            }
          ]
        }
      ]
    }
  },
  "resources": [
    {
      "mode": "managed",
      "type": "aws_ecr_repository",
      "name": "example",
      "provider": "provider[\"registry.terraform.io/hashicorp/aws\"]",
      "instances": [
        {
          "schema_version": 0,
          "attributes": {
            "arn": "arn:aws:ecr:us-east-1:975050264165:repository/deockr_ecr",
            "encryption_configuration": [
              {
                "encryption_type": "AES256",
                "kms_key": ""
              }
            ],
            "force_delete": null,
            "id": "deockr_ecr",
            "image_scanning_configuration": [
              {
                "scan_on_push": true
              }
            ],
            "image_tag_mutability": "MUTABLE",
            "name": "deockr_ecr",
            "registry_id": "975050264165",
            "repository_url": "975050264165.dkr.ecr.us-east-1.amazonaws.com/deockr_ecr",
            "tags": null,
            "tags_all": {},
            "timeouts": null
          },
          "sensitive_attributes": [],
          "private": "eyJlMmJmYjczMC1lY2FhLTExZTYtOGY4OC0zNDM2M2JjN2M0YzAiOnsiZGVsZXRlIjoxMjAwMDAwMDAwMDAwfX0="
        }
      ]
    }
  ],
  "check_results": null
}
